
Microsoft Visual Studio Solution File, Format Version 12.00
# Visual Studio Version 17
VisualStudioVersion = 17.11.35005.142
MinimumVisualStudioVersion = 10.0.40219.1
Project("{9A19103F-16F7-4668-BE54-9A1E7A4F7556}") = "CalculatorApp", "CalculatorApp\CalculatorApp.csproj", "{B698825A-5DE1-4D97-86E9-154A3174BB2D}"
EndProject
Project("{FAE04EC0-301F-11D3-BF4B-00C04F79EFBC}") = "CalculatorLibrary", "CalculatorLibrary\CalculatorLibrary.csproj", "{F5A74948-D443-4B22-8B7A-782E1714FBB5}"
EndProject
Global
	GlobalSection(SolutionConfigurationPlatforms) = preSolution
		Debug|Any CPU = Debug|Any CPU
		Release|Any CPU = Release|Any CPU
	EndGlobalSection
	GlobalSection(ProjectConfigurationPlatforms) = postSolution
		{B698825A-5DE1-4D97-86E9-154A3174BB2D}.Debug|Any CPU.ActiveCfg = Debug|Any CPU
		{B698825A-5DE1-4D97-86E9-154A3174BB2D}.Debug|Any CPU.Build.0 = Debug|Any CPU
		{B698825A-5DE1-4D97-86E9-154A3174BB2D}.Release|Any CPU.ActiveCfg = Release|Any CPU
		{B698825A-5DE1-4D97-86E9-154A3174BB2D}.Release|Any CPU.Build.0 = Release|Any CPU
		{F5A74948-D443-4B22-8B7A-782E1714FBB5}.Debug|Any CPU.ActiveCfg = Debug|Any CPU
		{F5A74948-D443-4B22-8B7A-782E1714FBB5}.Debug|Any CPU.Build.0 = Debug|Any CPU
		{F5A74948-D443-4B22-8B7A-782E1714FBB5}.Release|Any CPU.ActiveCfg = Release|Any CPU
		{F5A74948-D443-4B22-8B7A-782E1714FBB5}.Release|Any CPU.Build.0 = Release|Any CPU
	EndGlobalSection
	GlobalSection(SolutionProperties) = preSolution
		HideSolutionNode = FALSE
	EndGlobalSection
	GlobalSection(ExtensibilityGlobals) = postSolution
		SolutionGuid = {B821F562-39FD-4706-99AF-DBD23AA2445D}
	EndGlobalSection
EndGlobal
